// !$*UTF8*$!
{
	archiveVersion = 1;
	classes = {
	};
	objectVersion = 46;
	objects = {

/* Begin PBXBuildFile section */
		18315BE91F19A16300F92B54 /* AppDelegate.swift in Sources */ = {isa = PBXBuildFile; fileRef = 18315BE81F19A16300F92B54 /* AppDelegate.swift */; };
		18315BEB1F19A16300F92B54 /* QuestionViewController.swift in Sources */ = {isa = PBXBuildFile; fileRef = 18315BEA1F19A16300F92B54 /* QuestionViewController.swift */; };
		18315BEE1F19A16300F92B54 /* Main.storyboard in Resources */ = {isa = PBXBuildFile; fileRef = 18315BEC1F19A16300F92B54 /* Main.storyboard */; };
		18315BF01F19A16300F92B54 /* Assets.xcassets in Resources */ = {isa = PBXBuildFile; fileRef = 18315BEF1F19A16300F92B54 /* Assets.xcassets */; };
		18315BF31F19A16300F92B54 /* LaunchScreen.storyboard in Resources */ = {isa = PBXBuildFile; fileRef = 18315BF11F19A16300F92B54 /* LaunchScreen.storyboard */; };
		18315BFB1F19A8C900F92B54 /* InfoViewController.swift in Sources */ = {isa = PBXBuildFile; fileRef = 18315BFA1F19A8C900F92B54 /* InfoViewController.swift */; };
		18315BFD1F19A91300F92B54 /* InfoItemViewController.swift in Sources */ = {isa = PBXBuildFile; fileRef = 18315BFC1F19A91300F92B54 /* InfoItemViewController.swift */; };
		18315BFF1F19ACF900F92B54 /* Question.swift in Sources */ = {isa = PBXBuildFile; fileRef = 18315BFE1F19ACF900F92B54 /* Question.swift */; };
		1858AF711F19CCEF008EA25C /* InfoBrowseItemViewController.swift in Sources */ = {isa = PBXBuildFile; fileRef = 1858AF701F19CCEF008EA25C /* InfoBrowseItemViewController.swift */; };
/* End PBXBuildFile section */

/* Begin PBXFileReference section */
		18315BE51F19A16300F92B54 /* FirstAid.app */ = {isa = PBXFileReference; explicitFileType = wrapper.application; includeInIndex = 0; path = FirstAid.app; sourceTree = BUILT_PRODUCTS_DIR; };
		18315BE81F19A16300F92B54 /* AppDelegate.swift */ = {isa = PBXFileReference; lastKnownFileType = sourcecode.swift; path = AppDelegate.swift; sourceTree = "<group>"; };
		18315BEA1F19A16300F92B54 /* QuestionViewController.swift */ = {isa = PBXFileReference; lastKnownFileType = sourcecode.swift; path = QuestionViewController.swift; sourceTree = "<group>"; };
		18315BED1F19A16300F92B54 /* Base */ = {isa = PBXFileReference; lastKnownFileType = file.storyboard; name = Base; path = Base.lproj/Main.storyboard; sourceTree = "<group>"; };
		18315BEF1F19A16300F92B54 /* Assets.xcassets */ = {isa = PBXFileReference; lastKnownFileType = folder.assetcatalog; path = Assets.xcassets; sourceTree = "<group>"; };
		18315BF21F19A16300F92B54 /* Base */ = {isa = PBXFileReference; lastKnownFileType = file.storyboard; name = Base; path = Base.lproj/LaunchScreen.storyboard; sourceTree = "<group>"; };
		18315BF41F19A16300F92B54 /* Info.plist */ = {isa = PBXFileReference; lastKnownFileType = text.plist.xml; path = Info.plist; sourceTree = "<group>"; };
		18315BFA1F19A8C900F92B54 /* InfoViewController.swift */ = {isa = PBXFileReference; fileEncoding = 4; lastKnownFileType = sourcecode.swift; path = InfoViewController.swift; sourceTree = "<group>"; };
		18315BFC1F19A91300F92B54 /* InfoItemViewController.swift */ = {isa = PBXFileReference; fileEncoding = 4; lastKnownFileType = sourcecode.swift; path = InfoItemViewController.swift; sourceTree = "<group>"; };
		18315BFE1F19ACF900F92B54 /* Question.swift */ = {isa = PBXFileReference; fileEncoding = 4; lastKnownFileType = sourcecode.swift; path = Question.swift; sourceTree = "<group>"; };
		1858AF701F19CCEF008EA25C /* InfoBrowseItemViewController.swift */ = {isa = PBXFileReference; fileEncoding = 4; lastKnownFileType = sourcecode.swift; path = InfoBrowseItemViewController.swift; sourceTree = "<group>"; };
/* End PBXFileReference section */

/* Begin PBXFrameworksBuildPhase section */
		18315BE21F19A16300F92B54 /* Frameworks */ = {
			isa = PBXFrameworksBuildPhase;
			buildActionMask = 2147483647;
			files = (
			);
			runOnlyForDeploymentPostprocessing = 0;
		};
/* End PBXFrameworksBuildPhase section */

/* Begin PBXGroup section */
		18315BDC1F19A16300F92B54 = {
			isa = PBXGroup;
			children = (
				18315BE71F19A16300F92B54 /* FirstAid */,
				18315BE61F19A16300F92B54 /* Products */,
			);
			sourceTree = "<group>";
		};
		18315BE61F19A16300F92B54 /* Products */ = {
			isa = PBXGroup;
			children = (
				18315BE51F19A16300F92B54 /* FirstAid.app */,
			);
			name = Products;
			sourceTree = "<group>";
		};
		18315BE71F19A16300F92B54 /* FirstAid */ = {
			isa = PBXGroup;
			children = (
				18315BE81F19A16300F92B54 /* AppDelegate.swift */,
				18315BEA1F19A16300F92B54 /* QuestionViewController.swift */,
				18315BFA1F19A8C900F92B54 /* InfoViewController.swift */,
				18315BFC1F19A91300F92B54 /* InfoItemViewController.swift */,
				18315BEC1F19A16300F92B54 /* Main.storyboard */,
				18315BEF1F19A16300F92B54 /* Assets.xcassets */,
				18315BF11F19A16300F92B54 /* LaunchScreen.storyboard */,
				18315BF41F19A16300F92B54 /* Info.plist */,
				18315BFE1F19ACF900F92B54 /* Question.swift */,
				1858AF701F19CCEF008EA25C /* InfoBrowseItemViewController.swift */,
			);
			path = FirstAid;
			sourceTree = "<group>";
		};
/* End PBXGroup section */

/* Begin PBXNativeTarget section */
		18315BE41F19A16300F92B54 /* FirstAid */ = {
			isa = PBXNativeTarget;
			buildConfigurationList = 18315BF71F19A16300F92B54 /* Build configuration list for PBXNativeTarget "FirstAid" */;
			buildPhases = (
				18315BE11F19A16300F92B54 /* Sources */,
				18315BE21F19A16300F92B54 /* Frameworks */,
				18315BE31F19A16300F92B54 /* Resources */,
			);
			buildRules = (
			);
			dependencies = (
			);
			name = FirstAid;
			productName = FirstAid;
			productReference = 18315BE51F19A16300F92B54 /* FirstAid.app */;
			productType = "com.apple.product-type.application";
		};
/* End PBXNativeTarget section */

/* Begin PBXProject section */
		18315BDD1F19A16300F92B54 /* Project object */ = {
			isa = PBXProject;
			attributes = {
				LastSwiftUpdateCheck = 0830;
				LastUpgradeCheck = 0830;
				ORGANIZATIONNAME = Help;
				TargetAttributes = {
					18315BE41F19A16300F92B54 = {
						CreatedOnToolsVersion = 8.3.2;
						DevelopmentTeam = RX32SQM8RS;
						ProvisioningStyle = Automatic;
					};
				};
			};
			buildConfigurationList = 18315BE01F19A16300F92B54 /* Build configuration list for PBXProject "FirstAid" */;
			compatibilityVersion = "Xcode 3.2";
			developmentRegion = English;
			hasScannedForEncodings = 0;
			knownRegions = (
				en,
				Base,
			);
			mainGroup = 18315BDC1F19A16300F92B54;
			productRefGroup = 18315BE61F19A16300F92B54 /* Products */;
			projectDirPath = "";
			projectRoot = "";
			targets = (
				18315BE41F19A16300F92B54 /* FirstAid */,
			);
		};
/* End PBXProject section */

/* Begin PBXResourcesBuildPhase section */
		18315BE31F19A16300F92B54 /* Resources */ = {
			isa = PBXResourcesBuildPhase;
			buildActionMask = 2147483647;
			files = (
				18315BF31F19A16300F92B54 /* LaunchScreen.storyboard in Resources */,
				18315BF01F19A16300F92B54 /* Assets.xcassets in Resources */,
				18315BEE1F19A16300F92B54 /* Main.storyboard in Resources */,
			);
			runOnlyForDeploymentPostprocessing = 0;
		};
/* End PBXResourcesBuildPhase section */

/* Begin PBXSourcesBuildPhase section */
		18315BE11F19A16300F92B54 /* Sources */ = {
			isa = PBXSourcesBuildPhase;
			buildActionMask = 2147483647;
			files = (
				18315BFF1F19ACF900F92B54 /* Question.swift in Sources */,
				18315BEB1F19A16300F92B54 /* QuestionViewController.swift in Sources */,
				18315BFD1F19A91300F92B54 /* InfoItemViewController.swift in Sources */,
				18315BFB1F19A8C900F92B54 /* InfoViewController.swift in Sources */,
				18315BE91F19A16300F92B54 /* AppDelegate.swift in Sources */,
				1858AF711F19CCEF008EA25C /* InfoBrowseItemViewController.swift in Sources */,
			);
			runOnlyForDeploymentPostprocessing = 0;
		};
/* End PBXSourcesBuildPhase section */

/* Begin PBXVariantGroup section */
		18315BEC1F19A16300F92B54 /* Main.storyboard */ = {
			isa = PBXVariantGroup;
			children = (
				18315BED1F19A16300F92B54 /* Base */,
			);
			name = Main.storyboard;
			sourceTree = "<group>";
		};
		18315BF11F19A16300F92B54 /* LaunchScreen.storyboard */ = {
			isa = PBXVariantGroup;
			children = (
				18315BF21F19A16300F92B54 /* Base */,
			);
			name = LaunchScreen.storyboard;
			sourceTree = "<group>";
		};
/* End PBXVariantGroup section */

/* Begin XCBuildConfiguration section */
		18315BF51F19A16300F92B54 /* Debug */ = {
			isa = XCBuildConfiguration;
			buildSettings = {
				ALWAYS_SEARCH_USER_PATHS = NO;
				CLANG_ANALYZER_NONNULL = YES;
				CLANG_ANALYZER_NUMBER_OBJECT_CONVERSION = YES_AGGRESSIVE;
				CLANG_CXX_LANGUAGE_STANDARD = "gnu++0x";
				CLANG_CXX_LIBRARY = "libc++";
				CLANG_ENABLE_MODULES = YES;
				CLANG_ENABLE_OBJC_ARC = YES;
				CLANG_WARN_BOOL_CONVERSION = YES;
				CLANG_WARN_CONSTANT_CONVERSION = YES;
				CLANG_WARN_DIRECT_OBJC_ISA_USAGE = YES_ERROR;
				CLANG_WARN_DOCUMENTATION_COMMENTS = YES;
				CLANG_WARN_EMPTY_BODY = YES;
				CLANG_WARN_ENUM_CONVERSION = YES;
				CLANG_WARN_INFINITE_RECURSION = YES;
				CLANG_WARN_INT_CONVERSION = YES;
				CLANG_WARN_OBJC_ROOT_CLASS = YES_ERROR;
				CLANG_WARN_SUSPICIOUS_MOVE = YES;
				CLANG_WARN_UNREACHABLE_CODE = YES;
				CLANG_WARN__DUPLICATE_METHOD_MATCH = YES;
				"CODE_SIGN_IDENTITY[sdk=iphoneos*]" = "iPhone Developer";
				COPY_PHASE_STRIP = NO;
				DEBUG_INFORMATION_FORMAT = dwarf;
				ENABLE_STRICT_OBJC_MSGSEND = YES;
				ENABLE_TESTABILITY = YES;
				GCC_C_LANGUAGE_STANDARD = gnu99;
				GCC_DYNAMIC_NO_PIC = NO;
				GCC_NO_COMMON_BLOCKS = YES;
				GCC_OPTIMIZATION_LEVEL = 0;
				GCC_PREPROCESSOR_DEFINITIONS = (
					"DEBUG=1",
					"$(inherited)",
				);
				GCC_WARN_64_TO_32_BIT_CONVERSION = YES;
				GCC_WARN_ABOUT_RETURN_TYPE = YES_ERROR;
				GCC_WARN_UNDECLARED_SELECTOR = YES;
				GCC_WARN_UNINITIALIZED_AUTOS = YES_AGGRESSIVE;
				GCC_WARN_UNUSED_FUNCTION = YES;
				GCC_WARN_UNUSED_VARIABLE = YES;
				IPHONEOS_DEPLOYMENT_TARGET = 10.3;
				MTL_ENABLE_DEBUG_INFO = YES;
				ONLY_ACTIVE_ARCH = YES;
				SDKROOT = iphoneos;
				SWIFT_ACTIVE_COMPILATION_CONDITIONS = DEBUG;
				SWIFT_OPTIMIZATION_LEVEL = "-Onone";
			};
			name = Debug;
		};
		18315BF61F19A16300F92B54 /* Release */ = {
			isa = XCBuildConfiguration;
			buildSettings = {
				ALWAYS_SEARCH_USER_PATHS = NO;
				CLANG_ANALYZER_NONNULL = YES;
				CLANG_ANALYZER_NUMBER_OBJECT_CONVERSION = YES_AGGRESSIVE;
				CLANG_CXX_LANGUAGE_STANDARD = "gnu++0x";
				CLANG_CXX_LIBRARY = "libc++";
				CLANG_ENABLE_MODULES = YES;
				CLANG_ENABLE_OBJC_ARC = YES;
				CLANG_WARN_BOOL_CONVERSION = YES;
				CLANG_WARN_CONSTANT_CONVERSION = YES;
				CLANG_WARN_DIRECT_OBJC_ISA_USAGE = YES_ERROR;
				CLANG_WARN_DOCUMENTATION_COMMENTS = YES;
				CLANG_WARN_EMPTY_BODY = YES;
				CLANG_WARN_ENUM_CONVERSION = YES;
				CLANG_WARN_INFINITE_RECURSION = YES;
				CLANG_WARN_INT_CONVERSION = YES;
				CLANG_WARN_OBJC_ROOT_CLASS = YES_ERROR;
				CLANG_WARN_SUSPICIOUS_MOVE = YES;
				CLANG_WARN_UNREACHABLE_CODE = YES;
				CLANG_WARN__DUPLICATE_METHOD_MATCH = YES;
				"CODE_SIGN_IDENTITY[sdk=iphoneos*]" = "iPhone Developer";
				COPY_PHASE_STRIP = NO;
				DEBUG_INFORMATION_FORMAT = "dwarf-with-dsym";
				ENABLE_NS_ASSERTIONS = NO;
				ENABLE_STRICT_OBJC_MSGSEND = YES;
				GCC_C_LANGUAGE_STANDARD = gnu99;
				GCC_NO_COMMON_BLOCKS = YES;
				GCC_WARN_64_TO_32_BIT_CONVERSION = YES;
				GCC_WARN_ABOUT_RETURN_TYPE = YES_ERROR;
				GCC_WARN_UNDECLARED_SELECTOR = YES;
				GCC_WARN_UNINITIALIZED_AUTOS = YES_AGGRESSIVE;
				GCC_WARN_UNUSED_FUNCTION = YES;
				GCC_WARN_UNUSED_VARIABLE = YES;
				IPHONEOS_DEPLOYMENT_TARGET = 10.3;
				MTL_ENABLE_DEBUG_INFO = NO;
				SDKROOT = iphoneos;
				SWIFT_OPTIMIZATION_LEVEL = "-Owholemodule";
				VALIDATE_PRODUCT = YES;
			};
			name = Release;
		};
		18315BF81F19A16300F92B54 /* Debug */ = {
			isa = XCBuildConfiguration;
			buildSettings = {
				ASSETCATALOG_COMPILER_APPICON_NAME = AppIcon;
				DEVELOPMENT_TEAM = RX32SQM8RS;
				INFOPLIST_FILE = FirstAid/Info.plist;
				LD_RUNPATH_SEARCH_PATHS = "$(inherited) @executable_path/Frameworks";
				PRODUCT_BUNDLE_IDENTIFIER = SOSKit;
				PRODUCT_NAME = "$(TARGET_NAME)";
				SWIFT_VERSION = 3.0;
			};
			name = Debug;
		};
		18315BF91F19A16300F92B54 /* Release */ = {
			isa = XCBuildConfiguration;
			buildSettings = {
				ASSETCATALOG_COMPILER_APPICON_NAME = AppIcon;
				DEVELOPMENT_TEAM = RX32SQM8RS;
				INFOPLIST_FILE = FirstAid/Info.plist;
				LD_RUNPATH_SEARCH_PATHS = "$(inherited) @executable_path/Frameworks";
				PRODUCT_BUNDLE_IDENTIFIER = SOSKit;
				PRODUCT_NAME = "$(TARGET_NAME)";
				SWIFT_VERSION = 3.0;
			};
			name = Release;
		};
/* End XCBuildConfiguration section */

/* Begin XCConfigurationList section */
		18315BE01F19A16300F92B54 /* Build configuration list for PBXProject "FirstAid" */ = {
			isa = XCConfigurationList;
			buildConfigurations = (
				18315BF51F19A16300F92B54 /* Debug */,
				18315BF61F19A16300F92B54 /* Release */,
			);
			defaultConfigurationIsVisible = 0;
			defaultConfigurationName = Release;
		};
		18315BF71F19A16300F92B54 /* Build configuration list for PBXNativeTarget "FirstAid" */ = {
			isa = XCConfigurationList;
			buildConfigurations = (
				18315BF81F19A16300F92B54 /* Debug */,
				18315BF91F19A16300F92B54 /* Release */,
			);
			defaultConfigurationIsVisible = 0;
			defaultConfigurationName = Release;
		};
/* End XCConfigurationList section */
	};
	rootObject = 18315BDD1F19A16300F92B54 /* Project object */;
}
